
Microsoft Visual Studio Solution File, Format Version 12.00
# Visual Studio 15
VisualStudioVersion = 15.0.28010.2046
MinimumVisualStudioVersion = 10.0.40219.1
Project("{FAE04EC0-301F-11D3-BF4B-00C04F79EFBC}") = "View", "View\View.csproj", "{D31DC68B-757A-442D-8F55-0FE0DD184418}"
EndProject
Project("{FAE04EC0-301F-11D3-BF4B-00C04F79EFBC}") = "Model", "Model\Model.csproj", "{01C3413B-308B-44B8-B007-B08BA0525D87}"
EndProject
Project("{FAE04EC0-301F-11D3-BF4B-00C04F79EFBC}") = "Repository", "Repository\Repository.csproj", "{9A064A94-5173-459F-ACC1-A33485DAA11E}"
EndProject
Global
	GlobalSection(SolutionConfigurationPlatforms) = preSolution
		Debug|Any CPU = Debug|Any CPU
		Release|Any CPU = Release|Any CPU
	EndGlobalSection
	GlobalSection(ProjectConfigurationPlatforms) = postSolution
		{D31DC68B-757A-442D-8F55-0FE0DD184418}.Debug|Any CPU.ActiveCfg = Debug|Any CPU
		{D31DC68B-757A-442D-8F55-0FE0DD184418}.Debug|Any CPU.Build.0 = Debug|Any CPU
		{D31DC68B-757A-442D-8F55-0FE0DD184418}.Release|Any CPU.ActiveCfg = Release|Any CPU
		{D31DC68B-757A-442D-8F55-0FE0DD184418}.Release|Any CPU.Build.0 = Release|Any CPU
		{01C3413B-308B-44B8-B007-B08BA0525D87}.Debug|Any CPU.ActiveCfg = Debug|Any CPU
		{01C3413B-308B-44B8-B007-B08BA0525D87}.Debug|Any CPU.Build.0 = Debug|Any CPU
		{01C3413B-308B-44B8-B007-B08BA0525D87}.Release|Any CPU.ActiveCfg = Release|Any CPU
		{01C3413B-308B-44B8-B007-B08BA0525D87}.Release|Any CPU.Build.0 = Release|Any CPU
		{9A064A94-5173-459F-ACC1-A33485DAA11E}.Debug|Any CPU.ActiveCfg = Debug|Any CPU
		{9A064A94-5173-459F-ACC1-A33485DAA11E}.Debug|Any CPU.Build.0 = Debug|Any CPU
		{9A064A94-5173-459F-ACC1-A33485DAA11E}.Release|Any CPU.ActiveCfg = Release|Any CPU
		{9A064A94-5173-459F-ACC1-A33485DAA11E}.Release|Any CPU.Build.0 = Release|Any CPU
	EndGlobalSection
	GlobalSection(SolutionProperties) = preSolution
		HideSolutionNode = FALSE
	EndGlobalSection
	GlobalSection(ExtensibilityGlobals) = postSolution
		SolutionGuid = {240B2554-3310-4192-AF5B-D6E329ED16FA}
	EndGlobalSection
EndGlobal
